
Microsoft Visual Studio Solution File, Format Version 12.00
# Visual Studio 15
VisualStudioVersion = 15.0.28307.271
MinimumVisualStudioVersion = 10.0.40219.1
Project("{FAE04EC0-301F-11D3-BF4B-00C04F79EFBC}") = "KakaoCommand", "KakaoCommand\KakaoCommand.csproj", "{30A546A1-4765-47DD-8933-B6F2E494C01E}"
EndProject
Global
	GlobalSection(SolutionConfigurationPlatforms) = preSolution
		Debug|Any CPU = Debug|Any CPU
		Release|Any CPU = Release|Any CPU
	EndGlobalSection
	GlobalSection(ProjectConfigurationPlatforms) = postSolution
		{30A546A1-4765-47DD-8933-B6F2E494C01E}.Debug|Any CPU.ActiveCfg = Debug|Any CPU
		{30A546A1-4765-47DD-8933-B6F2E494C01E}.Debug|Any CPU.Build.0 = Debug|Any CPU
		{30A546A1-4765-47DD-8933-B6F2E494C01E}.Release|Any CPU.ActiveCfg = Release|Any CPU
		{30A546A1-4765-47DD-8933-B6F2E494C01E}.Release|Any CPU.Build.0 = Release|Any CPU
	EndGlobalSection
	GlobalSection(SolutionProperties) = preSolution
		HideSolutionNode = FALSE
	EndGlobalSection
	GlobalSection(ExtensibilityGlobals) = postSolution
		SolutionGuid = {BBFC09A0-16CB-4737-B5A5-F38FB3ED8A32}
	EndGlobalSection
EndGlobal
